{
    "name": "My Nextpress App",
    "lockfileVersion": 3,
    "requires": true,
    "packages": {
        "": {
            "name": "My Nextpress App",
            "dependencies": {
                "nextpress-core": "^3.2.0"
            }
        },
        "node_modules/commander": {
            "version": "15.0.0",
            "resolved": "https://registry.npmjs.org/commander/-/commander-15.0.0.tgz",
            "integrity": "sha512-z67u4ZhzCL/Tydu1lJARtEZYWbWaN7oYLHbsuzocr6y4N6WZAagG3RQ4FW61V1/0+jImpj293XfrcYnd1qxtPg==",
            "license": "MIT",
            "engines": {
                "node": ">=22.12.0"
            }
        },
        "node_modules/nextpress-core": {
            "version": "3.2.0",
            "resolved": "https://registry.npmjs.org/nextpress-core/-/nextpress-core-3.2.0.tgz",
            "integrity": "sha512-jyT9J5ChUyIkOG8UZnK4uZTnE0OxVq8l/PemeG/4Iym5i3VigPvF4USmpg/qArpzXWa75RbyXCMprMoeRtJQUg==",
            "license": "ISC",
            "dependencies": {
                "commander": "^15.0.0"
            },
            "bin": {
                "np": "cli/index.js"
            }
        }
    }
}
