{
    "name": "My Nextpress App",
    "lockfileVersion": 3,
    "requires": true,
    "packages": {
        "": {
            "name": "My Nextpress App",
            "dependencies": {
                "nextpress-core": "^3.0.1"
            }
        },
        "node_modules/commander": {
            "version": "15.0.0",
            "resolved": "https://registry.npmjs.org/commander/-/commander-15.0.0.tgz",
            "integrity": "sha512-z67u4ZhzCL/Tydu1lJARtEZYWbWaN7oYLHbsuzocr6y4N6WZAagG3RQ4FW61V1/0+jImpj293XfrcYnd1qxtPg==",
            "license": "MIT",
            "engines": {
                "node": ">=22.12.0"
            }
        },
        "node_modules/nextpress-core": {
            "version": "3.0.1",
            "resolved": "https://registry.npmjs.org/nextpress-core/-/nextpress-core-3.0.1.tgz",
            "integrity": "sha512-qbjB0zf9VhaqlMA6q8lNk2FysH4OmbVGPPRxEGO+2M6itv/OMQCj3P4/hBcEsQwt0Vb93ga3+h8G8ONtI1+G4Q==",
            "license": "ISC",
            "dependencies": {
                "commander": "^15.0.0"
            },
            "bin": {
                "np": "cli/index.js"
            }
        }
    }
}
